// !$*UTF8*$!
{
	archiveVersion = 1;
	classes = {
	};
	objectVersion = 77;
	objects = {

/* Begin PBXContainerItemProxy section */
		2F8AB5122DA6D6500020EFE3 /* PBXContainerItemProxy */ = {
			isa = PBXContainerItemProxy;
			containerPortal = 2F8AB4F92DA6D64B0020EFE3 /* Project object */;
			proxyType = 1;
			remoteGlobalIDString = 2F8AB5002DA6D64B0020EFE3;
			remoteInfo = "Content-SwiftUI";
		};
		2F8AB51C2DA6D6500020EFE3 /* PBXContainerItemProxy */ = {
			isa = PBXContainerItemProxy;
			containerPortal = 2F8AB4F92DA6D64B0020EFE3 /* Project object */;
			proxyType = 1;
			remoteGlobalIDString = 2F8AB5002DA6D64B0020EFE3;
			remoteInfo = "Content-SwiftUI";
		};
/* End PBXContainerItemProxy section */

/* Begin PBXFileReference section */
		2F8AB5012DA6D64B0020EFE3 /* Content-SwiftUI.app */ = {isa = PBXFileReference; explicitFileType = wrapper.application; includeInIndex = 0; path = "Content-SwiftUI.app"; sourceTree = BUILT_PRODUCTS_DIR; };
		2F8AB5112DA6D6500020EFE3 /* Content-SwiftUITests.xctest */ = {isa = PBXFileReference; explicitFileType = wrapper.cfbundle; includeInIndex = 0; path = "Content-SwiftUITests.xctest"; sourceTree = BUILT_PRODUCTS_DIR; };
		2F8AB51B2DA6D6500020EFE3 /* Content-SwiftUIUITests.xctest */ = {isa = PBXFileReference; explicitFileType = wrapper.cfbundle; includeInIndex = 0; path = "Content-SwiftUIUITests.xctest"; sourceTree = BUILT_PRODUCTS_DIR; };
/* End PBXFileReference section */

/* Begin PBXFileSystemSynchronizedRootGroup section */
		2F8AB5032DA6D64B0020EFE3 /* Content-SwiftUI */ = {
			isa = PBXFileSystemSynchronizedRootGroup;
			path = "Content-SwiftUI";
			sourceTree = "<group>";
		};
		2F8AB5142DA6D6500020EFE3 /* Content-SwiftUITests */ = {
			isa = PBXFileSystemSynchronizedRootGroup;
			path = "Content-SwiftUITests";
			sourceTree = "<group>";
		};
		2F8AB51E2DA6D6500020EFE3 /* Content-SwiftUIUITests */ = {
			isa = PBXFileSystemSynchronizedRootGroup;
			path = "Content-SwiftUIUITests";
			sourceTree = "<group>";
		};
/* End PBXFileSystemSynchronizedRootGroup section */

/* Begin PBXFrameworksBuildPhase section */
		2F8AB4FE2DA6D64B0020EFE3 /* Frameworks */ = {
			isa = PBXFrameworksBuildPhase;
			buildActionMask = 2147483647;
			files = (
			);
			runOnlyForDeploymentPostprocessing = 0;
		};
		2F8AB50E2DA6D6500020EFE3 /* Frameworks */ = {
			isa = PBXFrameworksBuildPhase;
			buildActionMask = 2147483647;
			files = (
			);
			runOnlyForDeploymentPostprocessing = 0;
		};
		2F8AB5182DA6D6500020EFE3 /* Frameworks */ = {
			isa = PBXFrameworksBuildPhase;
			buildActionMask = 2147483647;
			files = (
			);
			runOnlyForDeploymentPostprocessing = 0;
		};
/* End PBXFrameworksBuildPhase section */

/* Begin PBXGroup section */
		2F8AB4F82DA6D64A0020EFE3 = {
			isa = PBXGroup;
			children = (
				2F8AB5032DA6D64B0020EFE3 /* Content-SwiftUI */,
				2F8AB5142DA6D6500020EFE3 /* Content-SwiftUITests */,
				2F8AB51E2DA6D6500020EFE3 /* Content-SwiftUIUITests */,
				2F8AB5022DA6D64B0020EFE3 /* Products */,
			);
			sourceTree = "<group>";
		};
		2F8AB5022DA6D64B0020EFE3 /* Products */ = {
			isa = PBXGroup;
			children = (
				2F8AB5012DA6D64B0020EFE3 /* Content-SwiftUI.app */,
				2F8AB5112DA6D6500020EFE3 /* Content-SwiftUITests.xctest */,
				2F8AB51B2DA6D6500020EFE3 /* Content-SwiftUIUITests.xctest */,
			);
			name = Products;
			sourceTree = "<group>";
		};
/* End PBXGroup section */

/* Begin PBXNativeTarget section */
		2F8AB5002DA6D64B0020EFE3 /* Content-SwiftUI */ = {
			isa = PBXNativeTarget;
			buildConfigurationList = 2F8AB5252DA6D6500020EFE3 /* Build configuration list for PBXNativeTarget "Content-SwiftUI" */;
			buildPhases = (
				2F8AB4FD2DA6D64B0020EFE3 /* Sources */,
				2F8AB4FE2DA6D64B0020EFE3 /* Frameworks */,
				2F8AB4FF2DA6D64B0020EFE3 /* Resources */,
			);
			buildRules = (
			);
			dependencies = (
			);
			fileSystemSynchronizedGroups = (
				2F8AB5032DA6D64B0020EFE3 /* Content-SwiftUI */,
			);
			name = "Content-SwiftUI";
			packageProductDependencies = (
			);
			productName = "Content-SwiftUI";
			productReference = 2F8AB5012DA6D64B0020EFE3 /* Content-SwiftUI.app */;
			productType = "com.apple.product-type.application";
		};
		2F8AB5102DA6D6500020EFE3 /* Content-SwiftUITests */ = {
			isa = PBXNativeTarget;
			buildConfigurationList = 2F8AB5282DA6D6500020EFE3 /* Build configuration list for PBXNativeTarget "Content-SwiftUITests" */;
			buildPhases = (
				2F8AB50D2DA6D6500020EFE3 /* Sources */,
				2F8AB50E2DA6D6500020EFE3 /* Frameworks */,
				2F8AB50F2DA6D6500020EFE3 /* Resources */,
			);
			buildRules = (
			);
			dependencies = (
				2F8AB5132DA6D6500020EFE3 /* PBXTargetDependency */,
			);
			fileSystemSynchronizedGroups = (
				2F8AB5142DA6D6500020EFE3 /* Content-SwiftUITests */,
			);
			name = "Content-SwiftUITests";
			packageProductDependencies = (
			);
			productName = "Content-SwiftUITests";
			productReference = 2F8AB5112DA6D6500020EFE3 /* Content-SwiftUITests.xctest */;
			productType = "com.apple.product-type.bundle.unit-test";
		};
		2F8AB51A2DA6D6500020EFE3 /* Content-SwiftUIUITests */ = {
			isa = PBXNativeTarget;
			buildConfigurationList = 2F8AB52B2DA6D6500020EFE3 /* Build configuration list for PBXNativeTarget "Content-SwiftUIUITests" */;
			buildPhases = (
				2F8AB5172DA6D6500020EFE3 /* Sources */,
				2F8AB5182DA6D6500020EFE3 /* Frameworks */,
				2F8AB5192DA6D6500020EFE3 /* Resources */,
			);
			buildRules = (
			);
			dependencies = (
				2F8AB51D2DA6D6500020EFE3 /* PBXTargetDependency */,
			);
			fileSystemSynchronizedGroups = (
				2F8AB51E2DA6D6500020EFE3 /* Content-SwiftUIUITests */,
			);
			name = "Content-SwiftUIUITests";
			packageProductDependencies = (
			);
			productName = "Content-SwiftUIUITests";
			productReference = 2F8AB51B2DA6D6500020EFE3 /* Content-SwiftUIUITests.xctest */;
			productType = "com.apple.product-type.bundle.ui-testing";
		};
/* End PBXNativeTarget section */

/* Begin PBXProject section */
		2F8AB4F92DA6D64B0020EFE3 /* Project object */ = {
			isa = PBXProject;
			attributes = {
				BuildIndependentTargetsInParallel = 1;
				LastSwiftUpdateCheck = 1620;
				LastUpgradeCheck = 1620;
				TargetAttributes = {
					2F8AB5002DA6D64B0020EFE3 = {
						CreatedOnToolsVersion = 16.2;
					};
					2F8AB5102DA6D6500020EFE3 = {
						CreatedOnToolsVersion = 16.2;
						TestTargetID = 2F8AB5002DA6D64B0020EFE3;
					};
					2F8AB51A2DA6D6500020EFE3 = {
						CreatedOnToolsVersion = 16.2;
						TestTargetID = 2F8AB5002DA6D64B0020EFE3;
					};
				};
			};
			buildConfigurationList = 2F8AB4FC2DA6D64B0020EFE3 /* Build configuration list for PBXProject "Content-SwiftUI" */;
			developmentRegion = en;
			hasScannedForEncodings = 0;
			knownRegions = (
				en,
				Base,
			);
			mainGroup = 2F8AB4F82DA6D64A0020EFE3;
			minimizedProjectReferenceProxies = 1;
			preferredProjectObjectVersion = 77;
			productRefGroup = 2F8AB5022DA6D64B0020EFE3 /* Products */;
			projectDirPath = "";
			projectRoot = "";
			targets = (
				2F8AB5002DA6D64B0020EFE3 /* Content-SwiftUI */,
				2F8AB5102DA6D6500020EFE3 /* Content-SwiftUITests */,
				2F8AB51A2DA6D6500020EFE3 /* Content-SwiftUIUITests */,
			);
		};
/* End PBXProject section */

/* Begin PBXResourcesBuildPhase section */
		2F8AB4FF2DA6D64B0020EFE3 /* Resources */ = {
			isa = PBXResourcesBuildPhase;
			buildActionMask = 2147483647;
			files = (
			);
			runOnlyForDeploymentPostprocessing = 0;
		};
		2F8AB50F2DA6D6500020EFE3 /* Resources */ = {
			isa = PBXResourcesBuildPhase;
			buildActionMask = 2147483647;
			files = (
			);
			runOnlyForDeploymentPostprocessing = 0;
		};
		2F8AB5192DA6D6500020EFE3 /* Resources */ = {
			isa = PBXResourcesBuildPhase;
			buildActionMask = 2147483647;
			files = (
			);
			runOnlyForDeploymentPostprocessing = 0;
		};
/* End PBXResourcesBuildPhase section */

/* Begin PBXSourcesBuildPhase section */
		2F8AB4FD2DA6D64B0020EFE3 /* Sources */ = {
			isa = PBXSourcesBuildPhase;
			buildActionMask = 2147483647;
			files = (
			);
			runOnlyForDeploymentPostprocessing = 0;
		};
		2F8AB50D2DA6D6500020EFE3 /* Sources */ = {
			isa = PBXSourcesBuildPhase;
			buildActionMask = 2147483647;
			files = (
			);
			runOnlyForDeploymentPostprocessing = 0;
		};
		2F8AB5172DA6D6500020EFE3 /* Sources */ = {
			isa = PBXSourcesBuildPhase;
			buildActionMask = 2147483647;
			files = (
			);
			runOnlyForDeploymentPostprocessing = 0;
		};
/* End PBXSourcesBuildPhase section */

/* Begin PBXTargetDependency section */
		2F8AB5132DA6D6500020EFE3 /* PBXTargetDependency */ = {
			isa = PBXTargetDependency;
			target = 2F8AB5002DA6D64B0020EFE3 /* Content-SwiftUI */;
			targetProxy = 2F8AB5122DA6D6500020EFE3 /* PBXContainerItemProxy */;
		};
		2F8AB51D2DA6D6500020EFE3 /* PBXTargetDependency */ = {
			isa = PBXTargetDependency;
			target = 2F8AB5002DA6D64B0020EFE3 /* Content-SwiftUI */;
			targetProxy = 2F8AB51C2DA6D6500020EFE3 /* PBXContainerItemProxy */;
		};
/* End PBXTargetDependency section */

/* Begin XCBuildConfiguration section */
		2F8AB5232DA6D6500020EFE3 /* Debug */ = {
			isa = XCBuildConfiguration;
			buildSettings = {
				ALWAYS_SEARCH_USER_PATHS = NO;
				ASSETCATALOG_COMPILER_GENERATE_SWIFT_ASSET_SYMBOL_EXTENSIONS = YES;
				CLANG_ANALYZER_NONNULL = YES;
				CLANG_ANALYZER_NUMBER_OBJECT_CONVERSION = YES_AGGRESSIVE;
				CLANG_CXX_LANGUAGE_STANDARD = "gnu++20";
				CLANG_ENABLE_MODULES = YES;
				CLANG_ENABLE_OBJC_ARC = YES;
				CLANG_ENABLE_OBJC_WEAK = YES;
				CLANG_WARN_BLOCK_CAPTURE_AUTORELEASING = YES;
				CLANG_WARN_BOOL_CONVERSION = YES;
				CLANG_WARN_COMMA = YES;
				CLANG_WARN_CONSTANT_CONVERSION = YES;
				CLANG_WARN_DEPRECATED_OBJC_IMPLEMENTATIONS = YES;
				CLANG_WARN_DIRECT_OBJC_ISA_USAGE = YES_ERROR;
				CLANG_WARN_DOCUMENTATION_COMMENTS = YES;
				CLANG_WARN_EMPTY_BODY = YES;
				CLANG_WARN_ENUM_CONVERSION = YES;
				CLANG_WARN_INFINITE_RECURSION = YES;
				CLANG_WARN_INT_CONVERSION = YES;
				CLANG_WARN_NON_LITERAL_NULL_CONVERSION = YES;
				CLANG_WARN_OBJC_IMPLICIT_RETAIN_SELF = YES;
				CLANG_WARN_OBJC_LITERAL_CONVERSION = YES;
				CLANG_WARN_OBJC_ROOT_CLASS = YES_ERROR;
				CLANG_WARN_QUOTED_INCLUDE_IN_FRAMEWORK_HEADER = YES;
				CLANG_WARN_RANGE_LOOP_ANALYSIS = YES;
				CLANG_WARN_STRICT_PROTOTYPES = YES;
				CLANG_WARN_SUSPICIOUS_MOVE = YES;
				CLANG_WARN_UNGUARDED_AVAILABILITY = YES_AGGRESSIVE;
				CLANG_WARN_UNREACHABLE_CODE = YES;
				CLANG_WARN__DUPLICATE_METHOD_MATCH = YES;
				COPY_PHASE_STRIP = NO;
				DEBUG_INFORMATION_FORMAT = dwarf;
				ENABLE_STRICT_OBJC_MSGSEND = YES;
				ENABLE_TESTABILITY = YES;
				ENABLE_USER_SCRIPT_SANDBOXING = YES;
				GCC_C_LANGUAGE_STANDARD = gnu17;
				GCC_DYNAMIC_NO_PIC = NO;
				GCC_NO_COMMON_BLOCKS = YES;
				GCC_OPTIMIZATION_LEVEL = 0;
				GCC_PREPROCESSOR_DEFINITIONS = (
					"DEBUG=1",
					"$(inherited)",
				);
				GCC_WARN_64_TO_32_BIT_CONVERSION = YES;
				GCC_WARN_ABOUT_RETURN_TYPE = YES_ERROR;
				GCC_WARN_UNDECLARED_SELECTOR = YES;
				GCC_WARN_UNINITIALIZED_AUTOS = YES_AGGRESSIVE;
				GCC_WARN_UNUSED_FUNCTION = YES;
				GCC_WARN_UNUSED_VARIABLE = YES;
				IPHONEOS_DEPLOYMENT_TARGET = 18.2;
				LOCALIZATION_PREFERS_STRING_CATALOGS = YES;
				MTL_ENABLE_DEBUG_INFO = INCLUDE_SOURCE;
				MTL_FAST_MATH = YES;
				ONLY_ACTIVE_ARCH = YES;
				SDKROOT = iphoneos;
				SWIFT_ACTIVE_COMPILATION_CONDITIONS = "DEBUG $(inherited)";
				SWIFT_OPTIMIZATION_LEVEL = "-Onone";
			};
			name = Debug;
		};
		2F8AB5242DA6D6500020EFE3 /* Release */ = {
			isa = XCBuildConfiguration;
			buildSettings = {
				ALWAYS_SEARCH_USER_PATHS = NO;
				ASSETCATALOG_COMPILER_GENERATE_SWIFT_ASSET_SYMBOL_EXTENSIONS = YES;
				CLANG_ANALYZER_NONNULL = YES;
				CLANG_ANALYZER_NUMBER_OBJECT_CONVERSION = YES_AGGRESSIVE;
				CLANG_CXX_LANGUAGE_STANDARD = "gnu++20";
				CLANG_ENABLE_MODULES = YES;
				CLANG_ENABLE_OBJC_ARC = YES;
				CLANG_ENABLE_OBJC_WEAK = YES;
				CLANG_WARN_BLOCK_CAPTURE_AUTORELEASING = YES;
				CLANG_WARN_BOOL_CONVERSION = YES;
				CLANG_WARN_COMMA = YES;
				CLANG_WARN_CONSTANT_CONVERSION = YES;
				CLANG_WARN_DEPRECATED_OBJC_IMPLEMENTATIONS = YES;
				CLANG_WARN_DIRECT_OBJC_ISA_USAGE = YES_ERROR;
				CLANG_WARN_DOCUMENTATION_COMMENTS = YES;
				CLANG_WARN_EMPTY_BODY = YES;
				CLANG_WARN_ENUM_CONVERSION = YES;
				CLANG_WARN_INFINITE_RECURSION = YES;
				CLANG_WARN_INT_CONVERSION = YES;
				CLANG_WARN_NON_LITERAL_NULL_CONVERSION = YES;
				CLANG_WARN_OBJC_IMPLICIT_RETAIN_SELF = YES;
				CLANG_WARN_OBJC_LITERAL_CONVERSION = YES;
				CLANG_WARN_OBJC_ROOT_CLASS = YES_ERROR;
				CLANG_WARN_QUOTED_INCLUDE_IN_FRAMEWORK_HEADER = YES;
				CLANG_WARN_RANGE_LOOP_ANALYSIS = YES;
				CLANG_WARN_STRICT_PROTOTYPES = YES;
				CLANG_WARN_SUSPICIOUS_MOVE = YES;
				CLANG_WARN_UNGUARDED_AVAILABILITY = YES_AGGRESSIVE;
				CLANG_WARN_UNREACHABLE_CODE = YES;
				CLANG_WARN__DUPLICATE_METHOD_MATCH = YES;
				COPY_PHASE_STRIP = NO;
				DEBUG_INFORMATION_FORMAT = "dwarf-with-dsym";
				ENABLE_NS_ASSERTIONS = NO;
				ENABLE_STRICT_OBJC_MSGSEND = YES;
				ENABLE_USER_SCRIPT_SANDBOXING = YES;
				GCC_C_LANGUAGE_STANDARD = gnu17;
				GCC_NO_COMMON_BLOCKS = YES;
				GCC_WARN_64_TO_32_BIT_CONVERSION = YES;
				GCC_WARN_ABOUT_RETURN_TYPE = YES_ERROR;
				GCC_WARN_UNDECLARED_SELECTOR = YES;
				GCC_WARN_UNINITIALIZED_AUTOS = YES_AGGRESSIVE;
				GCC_WARN_UNUSED_FUNCTION = YES;
				GCC_WARN_UNUSED_VARIABLE = YES;
				IPHONEOS_DEPLOYMENT_TARGET = 18.2;
				LOCALIZATION_PREFERS_STRING_CATALOGS = YES;
				MTL_ENABLE_DEBUG_INFO = NO;
				MTL_FAST_MATH = YES;
				SDKROOT = iphoneos;
				SWIFT_COMPILATION_MODE = wholemodule;
				VALIDATE_PRODUCT = YES;
			};
			name = Release;
		};
		2F8AB5262DA6D6500020EFE3 /* Debug */ = {
			isa = XCBuildConfiguration;
			buildSettings = {
				ASSETCATALOG_COMPILER_APPICON_NAME = AppIcon;
				ASSETCATALOG_COMPILER_GLOBAL_ACCENT_COLOR_NAME = AccentColor;
				CODE_SIGN_STYLE = Automatic;
				CURRENT_PROJECT_VERSION = 1;
				DEVELOPMENT_ASSET_PATHS = "\"Content-SwiftUI/Preview Content\"";
				ENABLE_PREVIEWS = YES;
				GENERATE_INFOPLIST_FILE = YES;
				INFOPLIST_KEY_UIApplicationSceneManifest_Generation = YES;
				INFOPLIST_KEY_UIApplicationSupportsIndirectInputEvents = YES;
				INFOPLIST_KEY_UILaunchScreen_Generation = YES;
				INFOPLIST_KEY_UISupportedInterfaceOrientations_iPad = "UIInterfaceOrientationPortrait UIInterfaceOrientationPortraitUpsideDown UIInterfaceOrientationLandscapeLeft UIInterfaceOrientationLandscapeRight";
				INFOPLIST_KEY_UISupportedInterfaceOrientations_iPhone = "UIInterfaceOrientationPortrait UIInterfaceOrientationLandscapeLeft UIInterfaceOrientationLandscapeRight";
				LD_RUNPATH_SEARCH_PATHS = (
					"$(inherited)",
					"@executable_path/Frameworks",
				);
				MARKETING_VERSION = 1.0;
				PRODUCT_BUNDLE_IDENTIFIER = "nimishmothghare.Content-SwiftUI";
				PRODUCT_NAME = "$(TARGET_NAME)";
				SWIFT_EMIT_LOC_STRINGS = YES;
				SWIFT_VERSION = 5.0;
				TARGETED_DEVICE_FAMILY = "1,2";
			};
			name = Debug;
		};
		2F8AB5272DA6D6500020EFE3 /* Release */ = {
			isa = XCBuildConfiguration;
			buildSettings = {
				ASSETCATALOG_COMPILER_APPICON_NAME = AppIcon;
				ASSETCATALOG_COMPILER_GLOBAL_ACCENT_COLOR_NAME = AccentColor;
				CODE_SIGN_STYLE = Automatic;
				CURRENT_PROJECT_VERSION = 1;
				DEVELOPMENT_ASSET_PATHS = "\"Content-SwiftUI/Preview Content\"";
				ENABLE_PREVIEWS = YES;
				GENERATE_INFOPLIST_FILE = YES;
				INFOPLIST_KEY_UIApplicationSceneManifest_Generation = YES;
				INFOPLIST_KEY_UIApplicationSupportsIndirectInputEvents = YES;
				INFOPLIST_KEY_UILaunchScreen_Generation = YES;
				INFOPLIST_KEY_UISupportedInterfaceOrientations_iPad = "UIInterfaceOrientationPortrait UIInterfaceOrientationPortraitUpsideDown UIInterfaceOrientationLandscapeLeft UIInterfaceOrientationLandscapeRight";
				INFOPLIST_KEY_UISupportedInterfaceOrientations_iPhone = "UIInterfaceOrientationPortrait UIInterfaceOrientationLandscapeLeft UIInterfaceOrientationLandscapeRight";
				LD_RUNPATH_SEARCH_PATHS = (
					"$(inherited)",
					"@executable_path/Frameworks",
				);
				MARKETING_VERSION = 1.0;
				PRODUCT_BUNDLE_IDENTIFIER = "nimishmothghare.Content-SwiftUI";
				PRODUCT_NAME = "$(TARGET_NAME)";
				SWIFT_EMIT_LOC_STRINGS = YES;
				SWIFT_VERSION = 5.0;
				TARGETED_DEVICE_FAMILY = "1,2";
			};
			name = Release;
		};
		2F8AB5292DA6D6500020EFE3 /* Debug */ = {
			isa = XCBuildConfiguration;
			buildSettings = {
				BUNDLE_LOADER = "$(TEST_HOST)";
				CODE_SIGN_STYLE = Automatic;
				CURRENT_PROJECT_VERSION = 1;
				GENERATE_INFOPLIST_FILE = YES;
				IPHONEOS_DEPLOYMENT_TARGET = 18.2;
				MARKETING_VERSION = 1.0;
				PRODUCT_BUNDLE_IDENTIFIER = "nimishmothghare.Content-SwiftUITests";
				PRODUCT_NAME = "$(TARGET_NAME)";
				SWIFT_EMIT_LOC_STRINGS = NO;
				SWIFT_VERSION = 5.0;
				TARGETED_DEVICE_FAMILY = "1,2";
				TEST_HOST = "$(BUILT_PRODUCTS_DIR)/Content-SwiftUI.app/$(BUNDLE_EXECUTABLE_FOLDER_PATH)/Content-SwiftUI";
			};
			name = Debug;
		};
		2F8AB52A2DA6D6500020EFE3 /* Release */ = {
			isa = XCBuildConfiguration;
			buildSettings = {
				BUNDLE_LOADER = "$(TEST_HOST)";
				CODE_SIGN_STYLE = Automatic;
				CURRENT_PROJECT_VERSION = 1;
				GENERATE_INFOPLIST_FILE = YES;
				IPHONEOS_DEPLOYMENT_TARGET = 18.2;
				MARKETING_VERSION = 1.0;
				PRODUCT_BUNDLE_IDENTIFIER = "nimishmothghare.Content-SwiftUITests";
				PRODUCT_NAME = "$(TARGET_NAME)";
				SWIFT_EMIT_LOC_STRINGS = NO;
				SWIFT_VERSION = 5.0;
				TARGETED_DEVICE_FAMILY = "1,2";
				TEST_HOST = "$(BUILT_PRODUCTS_DIR)/Content-SwiftUI.app/$(BUNDLE_EXECUTABLE_FOLDER_PATH)/Content-SwiftUI";
			};
			name = Release;
		};
		2F8AB52C2DA6D6500020EFE3 /* Debug */ = {
			isa = XCBuildConfiguration;
			buildSettings = {
				CODE_SIGN_STYLE = Automatic;
				CURRENT_PROJECT_VERSION = 1;
				GENERATE_INFOPLIST_FILE = YES;
				MARKETING_VERSION = 1.0;
				PRODUCT_BUNDLE_IDENTIFIER = "nimishmothghare.Content-SwiftUIUITests";
				PRODUCT_NAME = "$(TARGET_NAME)";
				SWIFT_EMIT_LOC_STRINGS = NO;
				SWIFT_VERSION = 5.0;
				TARGETED_DEVICE_FAMILY = "1,2";
				TEST_TARGET_NAME = "Content-SwiftUI";
			};
			name = Debug;
		};
		2F8AB52D2DA6D6500020EFE3 /* Release */ = {
			isa = XCBuildConfiguration;
			buildSettings = {
				CODE_SIGN_STYLE = Automatic;
				CURRENT_PROJECT_VERSION = 1;
				GENERATE_INFOPLIST_FILE = YES;
				MARKETING_VERSION = 1.0;
				PRODUCT_BUNDLE_IDENTIFIER = "nimishmothghare.Content-SwiftUIUITests";
				PRODUCT_NAME = "$(TARGET_NAME)";
				SWIFT_EMIT_LOC_STRINGS = NO;
				SWIFT_VERSION = 5.0;
				TARGETED_DEVICE_FAMILY = "1,2";
				TEST_TARGET_NAME = "Content-SwiftUI";
			};
			name = Release;
		};
/* End XCBuildConfiguration section */

/* Begin XCConfigurationList section */
		2F8AB4FC2DA6D64B0020EFE3 /* Build configuration list for PBXProject "Content-SwiftUI" */ = {
			isa = XCConfigurationList;
			buildConfigurations = (
				2F8AB5232DA6D6500020EFE3 /* Debug */,
				2F8AB5242DA6D6500020EFE3 /* Release */,
			);
			defaultConfigurationIsVisible = 0;
			defaultConfigurationName = Release;
		};
		2F8AB5252DA6D6500020EFE3 /* Build configuration list for PBXNativeTarget "Content-SwiftUI" */ = {
			isa = XCConfigurationList;
			buildConfigurations = (
				2F8AB5262DA6D6500020EFE3 /* Debug */,
				2F8AB5272DA6D6500020EFE3 /* Release */,
			);
			defaultConfigurationIsVisible = 0;
			defaultConfigurationName = Release;
		};
		2F8AB5282DA6D6500020EFE3 /* Build configuration list for PBXNativeTarget "Content-SwiftUITests" */ = {
			isa = XCConfigurationList;
			buildConfigurations = (
				2F8AB5292DA6D6500020EFE3 /* Debug */,
				2F8AB52A2DA6D6500020EFE3 /* Release */,
			);
			defaultConfigurationIsVisible = 0;
			defaultConfigurationName = Release;
		};
		2F8AB52B2DA6D6500020EFE3 /* Build configuration list for PBXNativeTarget "Content-SwiftUIUITests" */ = {
			isa = XCConfigurationList;
			buildConfigurations = (
				2F8AB52C2DA6D6500020EFE3 /* Debug */,
				2F8AB52D2DA6D6500020EFE3 /* Release */,
			);
			defaultConfigurationIsVisible = 0;
			defaultConfigurationName = Release;
		};
/* End XCConfigurationList section */
	};
	rootObject = 2F8AB4F92DA6D64B0020EFE3 /* Project object */;
}
